{
  "requires": true,
  "lockfileVersion": 1,
  "dependencies": {
    "@ckeditor/ckeditor5-build-decoupled-document": {
      "version": "23.0.0",
      "resolved": "https://registry.npmjs.org/@ckeditor/ckeditor5-build-decoupled-document/-/ckeditor5-build-decoupled-document-23.0.0.tgz",
      "integrity": "sha512-gZH3OuJslxHfXILtVc9pPnB6avZ7iKKPB3XEdBrVqjfXgwZmjnP5a5UFdFxQQeySdEgura+q9WNI8OAVQee8rw=="
    }
  }
}
